
Microsoft Visual Studio Solution File, Format Version 12.00
# Visual Studio 15
VisualStudioVersion = 15.0.27130.2036
MinimumVisualStudioVersion = 10.0.40219.1
Project("{FAE04EC0-301F-11D3-BF4B-00C04F79EFBC}") = "FlerApi", "FlerApi\FlerApi.csproj", "{3D814386-1E31-4CC8-A74E-35FB03925E54}"
EndProject
Global
	GlobalSection(SolutionConfigurationPlatforms) = preSolution
		Debug|Any CPU = Debug|Any CPU
		Release|Any CPU = Release|Any CPU
	EndGlobalSection
	GlobalSection(ProjectConfigurationPlatforms) = postSolution
		{3D814386-1E31-4CC8-A74E-35FB03925E54}.Debug|Any CPU.ActiveCfg = Debug|Any CPU
		{3D814386-1E31-4CC8-A74E-35FB03925E54}.Debug|Any CPU.Build.0 = Debug|Any CPU
		{3D814386-1E31-4CC8-A74E-35FB03925E54}.Release|Any CPU.ActiveCfg = Release|Any CPU
		{3D814386-1E31-4CC8-A74E-35FB03925E54}.Release|Any CPU.Build.0 = Release|Any CPU
	EndGlobalSection
	GlobalSection(SolutionProperties) = preSolution
		HideSolutionNode = FALSE
	EndGlobalSection
	GlobalSection(ExtensibilityGlobals) = postSolution
		SolutionGuid = {2B42BAB9-857F-454D-953C-FC1DAD4412C5}
	EndGlobalSection
EndGlobal
